
Microsoft Visual Studio Solution File, Format Version 12.00
# Visual Studio Version 17
VisualStudioVersion = 17.5.33516.290
MinimumVisualStudioVersion = 10.0.40219.1
Project("{FAE04EC0-301F-11D3-BF4B-00C04F79EFBC}") = "IssueTracker", "IssueTracker\IssueTracker.csproj", "{1E1D91F1-5F1B-429D-A88C-FBC15E8D6C8C}"
EndProject
Global
	GlobalSection(SolutionConfigurationPlatforms) = preSolution
		Debug|Any CPU = Debug|Any CPU
		Release|Any CPU = Release|Any CPU
	EndGlobalSection
	GlobalSection(ProjectConfigurationPlatforms) = postSolution
		{1E1D91F1-5F1B-429D-A88C-FBC15E8D6C8C}.Debug|Any CPU.ActiveCfg = Debug|Any CPU
		{1E1D91F1-5F1B-429D-A88C-FBC15E8D6C8C}.Debug|Any CPU.Build.0 = Debug|Any CPU
		{1E1D91F1-5F1B-429D-A88C-FBC15E8D6C8C}.Release|Any CPU.ActiveCfg = Release|Any CPU
		{1E1D91F1-5F1B-429D-A88C-FBC15E8D6C8C}.Release|Any CPU.Build.0 = Release|Any CPU
	EndGlobalSection
	GlobalSection(SolutionProperties) = preSolution
		HideSolutionNode = FALSE
	EndGlobalSection
	GlobalSection(ExtensibilityGlobals) = postSolution
		SolutionGuid = {882C3EE5-159B-4BE3-9E98-85CCD891C2D5}
	EndGlobalSection
EndGlobal
